// !$*UTF8*$!
{
	archiveVersion = 1;
	classes = {
	};
	objectVersion = 46;
	objects = {

/* Begin PBXBuildFile section */
		7A06B9336B8EEC620A88DE65 /* Pods_mqttConnectionSample.framework in Frameworks */ = {isa = PBXBuildFile; fileRef = EE75475CB997EFCFD89DA443 /* Pods_mqttConnectionSample.framework */; };
		ED5E67A01DB799D200F16C18 /* main.m in Sources */ = {isa = PBXBuildFile; fileRef = ED5E679F1DB799D200F16C18 /* main.m */; };
		ED5E67A31DB799D200F16C18 /* AppDelegate.m in Sources */ = {isa = PBXBuildFile; fileRef = ED5E67A21DB799D200F16C18 /* AppDelegate.m */; };
		ED5E67A61DB799D200F16C18 /* ViewController.m in Sources */ = {isa = PBXBuildFile; fileRef = ED5E67A51DB799D200F16C18 /* ViewController.m */; };
		ED5E67A91DB799D200F16C18 /* Main.storyboard in Resources */ = {isa = PBXBuildFile; fileRef = ED5E67A71DB799D200F16C18 /* Main.storyboard */; };
		ED5E67AB1DB799D200F16C18 /* Assets.xcassets in Resources */ = {isa = PBXBuildFile; fileRef = ED5E67AA1DB799D200F16C18 /* Assets.xcassets */; };
		ED5E67AE1DB799D200F16C18 /* LaunchScreen.storyboard in Resources */ = {isa = PBXBuildFile; fileRef = ED5E67AC1DB799D200F16C18 /* LaunchScreen.storyboard */; };
		ED5E67B91DB799D200F16C18 /* mqttConnectionSampleTests.m in Sources */ = {isa = PBXBuildFile; fileRef = ED5E67B81DB799D200F16C18 /* mqttConnectionSampleTests.m */; };
		ED5E67C41DB799D200F16C18 /* mqttConnectionSampleUITests.m in Sources */ = {isa = PBXBuildFile; fileRef = ED5E67C31DB799D200F16C18 /* mqttConnectionSampleUITests.m */; };
/* End PBXBuildFile section */

/* Begin PBXContainerItemProxy section */
		ED5E67B51DB799D200F16C18 /* PBXContainerItemProxy */ = {
			isa = PBXContainerItemProxy;
			containerPortal = ED5E67931DB799D200F16C18 /* Project object */;
			proxyType = 1;
			remoteGlobalIDString = ED5E679A1DB799D200F16C18;
			remoteInfo = mqttConnectionSample;
		};
		ED5E67C01DB799D200F16C18 /* PBXContainerItemProxy */ = {
			isa = PBXContainerItemProxy;
			containerPortal = ED5E67931DB799D200F16C18 /* Project object */;
			proxyType = 1;
			remoteGlobalIDString = ED5E679A1DB799D200F16C18;
			remoteInfo = mqttConnectionSample;
		};
/* End PBXContainerItemProxy section */

/* Begin PBXFileReference section */
		6BAC3BFF06035801EA9BCD3D /* Pods-mqttConnectionSample.debug.xcconfig */ = {isa = PBXFileReference; includeInIndex = 1; lastKnownFileType = text.xcconfig; name = "Pods-mqttConnectionSample.debug.xcconfig"; path = "Pods/Target Support Files/Pods-mqttConnectionSample/Pods-mqttConnectionSample.debug.xcconfig"; sourceTree = "<group>"; };
		CA999BD73C5B528F0C09A1BD /* Pods-mqttConnectionSample.release.xcconfig */ = {isa = PBXFileReference; includeInIndex = 1; lastKnownFileType = text.xcconfig; name = "Pods-mqttConnectionSample.release.xcconfig"; path = "Pods/Target Support Files/Pods-mqttConnectionSample/Pods-mqttConnectionSample.release.xcconfig"; sourceTree = "<group>"; };
		ED5E679B1DB799D200F16C18 /* mqttConnectionSample.app */ = {isa = PBXFileReference; explicitFileType = wrapper.application; includeInIndex = 0; path = mqttConnectionSample.app; sourceTree = BUILT_PRODUCTS_DIR; };
		ED5E679F1DB799D200F16C18 /* main.m */ = {isa = PBXFileReference; lastKnownFileType = sourcecode.c.objc; path = main.m; sourceTree = "<group>"; };
		ED5E67A11DB799D200F16C18 /* AppDelegate.h */ = {isa = PBXFileReference; lastKnownFileType = sourcecode.c.h; path = AppDelegate.h; sourceTree = "<group>"; };
		ED5E67A21DB799D200F16C18 /* AppDelegate.m */ = {isa = PBXFileReference; lastKnownFileType = sourcecode.c.objc; path = AppDelegate.m; sourceTree = "<group>"; };
		ED5E67A41DB799D200F16C18 /* ViewController.h */ = {isa = PBXFileReference; lastKnownFileType = sourcecode.c.h; path = ViewController.h; sourceTree = "<group>"; };
		ED5E67A51DB799D200F16C18 /* ViewController.m */ = {isa = PBXFileReference; lastKnownFileType = sourcecode.c.objc; path = ViewController.m; sourceTree = "<group>"; };
		ED5E67A81DB799D200F16C18 /* Base */ = {isa = PBXFileReference; lastKnownFileType = file.storyboard; name = Base; path = Base.lproj/Main.storyboard; sourceTree = "<group>"; };
		ED5E67AA1DB799D200F16C18 /* Assets.xcassets */ = {isa = PBXFileReference; lastKnownFileType = folder.assetcatalog; path = Assets.xcassets; sourceTree = "<group>"; };
		ED5E67AD1DB799D200F16C18 /* Base */ = {isa = PBXFileReference; lastKnownFileType = file.storyboard; name = Base; path = Base.lproj/LaunchScreen.storyboard; sourceTree = "<group>"; };
		ED5E67AF1DB799D200F16C18 /* Info.plist */ = {isa = PBXFileReference; lastKnownFileType = text.plist.xml; path = Info.plist; sourceTree = "<group>"; };
		ED5E67B41DB799D200F16C18 /* mqttConnectionSampleTests.xctest */ = {isa = PBXFileReference; explicitFileType = wrapper.cfbundle; includeInIndex = 0; path = mqttConnectionSampleTests.xctest; sourceTree = BUILT_PRODUCTS_DIR; };
		ED5E67B81DB799D200F16C18 /* mqttConnectionSampleTests.m */ = {isa = PBXFileReference; lastKnownFileType = sourcecode.c.objc; path = mqttConnectionSampleTests.m; sourceTree = "<group>"; };
		ED5E67BA1DB799D200F16C18 /* Info.plist */ = {isa = PBXFileReference; lastKnownFileType = text.plist.xml; path = Info.plist; sourceTree = "<group>"; };
		ED5E67BF1DB799D200F16C18 /* mqttConnectionSampleUITests.xctest */ = {isa = PBXFileReference; explicitFileType = wrapper.cfbundle; includeInIndex = 0; path = mqttConnectionSampleUITests.xctest; sourceTree = BUILT_PRODUCTS_DIR; };
		ED5E67C31DB799D200F16C18 /* mqttConnectionSampleUITests.m */ = {isa = PBXFileReference; lastKnownFileType = sourcecode.c.objc; path = mqttConnectionSampleUITests.m; sourceTree = "<group>"; };
		ED5E67C51DB799D200F16C18 /* Info.plist */ = {isa = PBXFileReference; lastKnownFileType = text.plist.xml; path = Info.plist; sourceTree = "<group>"; };
		EE75475CB997EFCFD89DA443 /* Pods_mqttConnectionSample.framework */ = {isa = PBXFileReference; explicitFileType = wrapper.framework; includeInIndex = 0; path = Pods_mqttConnectionSample.framework; sourceTree = BUILT_PRODUCTS_DIR; };
/* End PBXFileReference section */

/* Begin PBXFrameworksBuildPhase section */
		ED5E67981DB799D200F16C18 /* Frameworks */ = {
			isa = PBXFrameworksBuildPhase;
			buildActionMask = 2147483647;
			files = (
				7A06B9336B8EEC620A88DE65 /* Pods_mqttConnectionSample.framework in Frameworks */,
			);
			runOnlyForDeploymentPostprocessing = 0;
		};
		ED5E67B11DB799D200F16C18 /* Frameworks */ = {
			isa = PBXFrameworksBuildPhase;
			buildActionMask = 2147483647;
			files = (
			);
			runOnlyForDeploymentPostprocessing = 0;
		};
		ED5E67BC1DB799D200F16C18 /* Frameworks */ = {
			isa = PBXFrameworksBuildPhase;
			buildActionMask = 2147483647;
			files = (
			);
			runOnlyForDeploymentPostprocessing = 0;
		};
/* End PBXFrameworksBuildPhase section */

/* Begin PBXGroup section */
		30DA95988C60D84F70BE43F3 /* Pods */ = {
			isa = PBXGroup;
			children = (
				6BAC3BFF06035801EA9BCD3D /* Pods-mqttConnectionSample.debug.xcconfig */,
				CA999BD73C5B528F0C09A1BD /* Pods-mqttConnectionSample.release.xcconfig */,
			);
			name = Pods;
			sourceTree = "<group>";
		};
		E4599E99305C174F374D49FF /* Frameworks */ = {
			isa = PBXGroup;
			children = (
				EE75475CB997EFCFD89DA443 /* Pods_mqttConnectionSample.framework */,
			);
			name = Frameworks;
			sourceTree = "<group>";
		};
		ED5E67921DB799D200F16C18 = {
			isa = PBXGroup;
			children = (
				ED5E679D1DB799D200F16C18 /* mqttConnectionSample */,
				ED5E67B71DB799D200F16C18 /* mqttConnectionSampleTests */,
				ED5E67C21DB799D200F16C18 /* mqttConnectionSampleUITests */,
				ED5E679C1DB799D200F16C18 /* Products */,
				30DA95988C60D84F70BE43F3 /* Pods */,
				E4599E99305C174F374D49FF /* Frameworks */,
			);
			sourceTree = "<group>";
		};
		ED5E679C1DB799D200F16C18 /* Products */ = {
			isa = PBXGroup;
			children = (
				ED5E679B1DB799D200F16C18 /* mqttConnectionSample.app */,
				ED5E67B41DB799D200F16C18 /* mqttConnectionSampleTests.xctest */,
				ED5E67BF1DB799D200F16C18 /* mqttConnectionSampleUITests.xctest */,
			);
			name = Products;
			sourceTree = "<group>";
		};
		ED5E679D1DB799D200F16C18 /* mqttConnectionSample */ = {
			isa = PBXGroup;
			children = (
				ED5E67A11DB799D200F16C18 /* AppDelegate.h */,
				ED5E67A21DB799D200F16C18 /* AppDelegate.m */,
				ED5E67A41DB799D200F16C18 /* ViewController.h */,
				ED5E67A51DB799D200F16C18 /* ViewController.m */,
				ED5E67A71DB799D200F16C18 /* Main.storyboard */,
				ED5E67AA1DB799D200F16C18 /* Assets.xcassets */,
				ED5E67AC1DB799D200F16C18 /* LaunchScreen.storyboard */,
				ED5E67AF1DB799D200F16C18 /* Info.plist */,
				ED5E679E1DB799D200F16C18 /* Supporting Files */,
			);
			path = mqttConnectionSample;
			sourceTree = "<group>";
		};
		ED5E679E1DB799D200F16C18 /* Supporting Files */ = {
			isa = PBXGroup;
			children = (
				ED5E679F1DB799D200F16C18 /* main.m */,
			);
			name = "Supporting Files";
			sourceTree = "<group>";
		};
		ED5E67B71DB799D200F16C18 /* mqttConnectionSampleTests */ = {
			isa = PBXGroup;
			children = (
				ED5E67B81DB799D200F16C18 /* mqttConnectionSampleTests.m */,
				ED5E67BA1DB799D200F16C18 /* Info.plist */,
			);
			path = mqttConnectionSampleTests;
			sourceTree = "<group>";
		};
		ED5E67C21DB799D200F16C18 /* mqttConnectionSampleUITests */ = {
			isa = PBXGroup;
			children = (
				ED5E67C31DB799D200F16C18 /* mqttConnectionSampleUITests.m */,
				ED5E67C51DB799D200F16C18 /* Info.plist */,
			);
			path = mqttConnectionSampleUITests;
			sourceTree = "<group>";
		};
/* End PBXGroup section */

/* Begin PBXNativeTarget section */
		ED5E679A1DB799D200F16C18 /* mqttConnectionSample */ = {
			isa = PBXNativeTarget;
			buildConfigurationList = ED5E67C81DB799D200F16C18 /* Build configuration list for PBXNativeTarget "mqttConnectionSample" */;
			buildPhases = (
				910239C502846933EAE63FF2 /* [CP] Check Pods Manifest.lock */,
				ED5E67971DB799D200F16C18 /* Sources */,
				ED5E67981DB799D200F16C18 /* Frameworks */,
				ED5E67991DB799D200F16C18 /* Resources */,
				59223DDD9852159536155B09 /* [CP] Embed Pods Frameworks */,
				4295B136C5EB00DBF5D99A60 /* [CP] Copy Pods Resources */,
			);
			buildRules = (
			);
			dependencies = (
			);
			name = mqttConnectionSample;
			productName = mqttConnectionSample;
			productReference = ED5E679B1DB799D200F16C18 /* mqttConnectionSample.app */;
			productType = "com.apple.product-type.application";
		};
		ED5E67B31DB799D200F16C18 /* mqttConnectionSampleTests */ = {
			isa = PBXNativeTarget;
			buildConfigurationList = ED5E67CB1DB799D200F16C18 /* Build configuration list for PBXNativeTarget "mqttConnectionSampleTests" */;
			buildPhases = (
				ED5E67B01DB799D200F16C18 /* Sources */,
				ED5E67B11DB799D200F16C18 /* Frameworks */,
				ED5E67B21DB799D200F16C18 /* Resources */,
			);
			buildRules = (
			);
			dependencies = (
				ED5E67B61DB799D200F16C18 /* PBXTargetDependency */,
			);
			name = mqttConnectionSampleTests;
			productName = mqttConnectionSampleTests;
			productReference = ED5E67B41DB799D200F16C18 /* mqttConnectionSampleTests.xctest */;
			productType = "com.apple.product-type.bundle.unit-test";
		};
		ED5E67BE1DB799D200F16C18 /* mqttConnectionSampleUITests */ = {
			isa = PBXNativeTarget;
			buildConfigurationList = ED5E67CE1DB799D200F16C18 /* Build configuration list for PBXNativeTarget "mqttConnectionSampleUITests" */;
			buildPhases = (
				ED5E67BB1DB799D200F16C18 /* Sources */,
				ED5E67BC1DB799D200F16C18 /* Frameworks */,
				ED5E67BD1DB799D200F16C18 /* Resources */,
			);
			buildRules = (
			);
			dependencies = (
				ED5E67C11DB799D200F16C18 /* PBXTargetDependency */,
			);
			name = mqttConnectionSampleUITests;
			productName = mqttConnectionSampleUITests;
			productReference = ED5E67BF1DB799D200F16C18 /* mqttConnectionSampleUITests.xctest */;
			productType = "com.apple.product-type.bundle.ui-testing";
		};
/* End PBXNativeTarget section */

/* Begin PBXProject section */
		ED5E67931DB799D200F16C18 /* Project object */ = {
			isa = PBXProject;
			attributes = {
				LastUpgradeCheck = 0730;
				ORGANIZATIONNAME = Yiling;
				TargetAttributes = {
					ED5E679A1DB799D200F16C18 = {
						CreatedOnToolsVersion = 7.3.1;
					};
					ED5E67B31DB799D200F16C18 = {
						CreatedOnToolsVersion = 7.3.1;
						TestTargetID = ED5E679A1DB799D200F16C18;
					};
					ED5E67BE1DB799D200F16C18 = {
						CreatedOnToolsVersion = 7.3.1;
						TestTargetID = ED5E679A1DB799D200F16C18;
					};
				};
			};
			buildConfigurationList = ED5E67961DB799D200F16C18 /* Build configuration list for PBXProject "mqttConnectionSample" */;
			compatibilityVersion = "Xcode 3.2";
			developmentRegion = English;
			hasScannedForEncodings = 0;
			knownRegions = (
				en,
				Base,
			);
			mainGroup = ED5E67921DB799D200F16C18;
			productRefGroup = ED5E679C1DB799D200F16C18 /* Products */;
			projectDirPath = "";
			projectRoot = "";
			targets = (
				ED5E679A1DB799D200F16C18 /* mqttConnectionSample */,
				ED5E67B31DB799D200F16C18 /* mqttConnectionSampleTests */,
				ED5E67BE1DB799D200F16C18 /* mqttConnectionSampleUITests */,
			);
		};
/* End PBXProject section */

/* Begin PBXResourcesBuildPhase section */
		ED5E67991DB799D200F16C18 /* Resources */ = {
			isa = PBXResourcesBuildPhase;
			buildActionMask = 2147483647;
			files = (
				ED5E67AE1DB799D200F16C18 /* LaunchScreen.storyboard in Resources */,
				ED5E67AB1DB799D200F16C18 /* Assets.xcassets in Resources */,
				ED5E67A91DB799D200F16C18 /* Main.storyboard in Resources */,
			);
			runOnlyForDeploymentPostprocessing = 0;
		};
		ED5E67B21DB799D200F16C18 /* Resources */ = {
			isa = PBXResourcesBuildPhase;
			buildActionMask = 2147483647;
			files = (
			);
			runOnlyForDeploymentPostprocessing = 0;
		};
		ED5E67BD1DB799D200F16C18 /* Resources */ = {
			isa = PBXResourcesBuildPhase;
			buildActionMask = 2147483647;
			files = (
			);
			runOnlyForDeploymentPostprocessing = 0;
		};
/* End PBXResourcesBuildPhase section */

/* Begin PBXShellScriptBuildPhase section */
		4295B136C5EB00DBF5D99A60 /* [CP] Copy Pods Resources */ = {
			isa = PBXShellScriptBuildPhase;
			buildActionMask = 2147483647;
			files = (
			);
			inputPaths = (
			);
			name = "[CP] Copy Pods Resources";
			outputPaths = (
			);
			runOnlyForDeploymentPostprocessing = 0;
			shellPath = /bin/sh;
			shellScript = "\"${SRCROOT}/Pods/Target Support Files/Pods-mqttConnectionSample/Pods-mqttConnectionSample-resources.sh\"\n";
			showEnvVarsInLog = 0;
		};
		59223DDD9852159536155B09 /* [CP] Embed Pods Frameworks */ = {
			isa = PBXShellScriptBuildPhase;
			buildActionMask = 2147483647;
			files = (
			);
			inputPaths = (
			);
			name = "[CP] Embed Pods Frameworks";
			outputPaths = (
			);
			runOnlyForDeploymentPostprocessing = 0;
			shellPath = /bin/sh;
			shellScript = "\"${SRCROOT}/Pods/Target Support Files/Pods-mqttConnectionSample/Pods-mqttConnectionSample-frameworks.sh\"\n";
			showEnvVarsInLog = 0;
		};
		910239C502846933EAE63FF2 /* [CP] Check Pods Manifest.lock */ = {
			isa = PBXShellScriptBuildPhase;
			buildActionMask = 2147483647;
			files = (
			);
			inputPaths = (
			);
			name = "[CP] Check Pods Manifest.lock";
			outputPaths = (
			);
			runOnlyForDeploymentPostprocessing = 0;
			shellPath = /bin/sh;
			shellScript = "diff \"${PODS_ROOT}/../Podfile.lock\" \"${PODS_ROOT}/Manifest.lock\" > /dev/null\nif [[ $? != 0 ]] ; then\n    cat << EOM\nerror: The sandbox is not in sync with the Podfile.lock. Run 'pod install' or update your CocoaPods installation.\nEOM\n    exit 1\nfi\n";
			showEnvVarsInLog = 0;
		};
/* End PBXShellScriptBuildPhase section */

/* Begin PBXSourcesBuildPhase section */
		ED5E67971DB799D200F16C18 /* Sources */ = {
			isa = PBXSourcesBuildPhase;
			buildActionMask = 2147483647;
			files = (
				ED5E67A61DB799D200F16C18 /* ViewController.m in Sources */,
				ED5E67A31DB799D200F16C18 /* AppDelegate.m in Sources */,
				ED5E67A01DB799D200F16C18 /* main.m in Sources */,
			);
			runOnlyForDeploymentPostprocessing = 0;
		};
		ED5E67B01DB799D200F16C18 /* Sources */ = {
			isa = PBXSourcesBuildPhase;
			buildActionMask = 2147483647;
			files = (
				ED5E67B91DB799D200F16C18 /* mqttConnectionSampleTests.m in Sources */,
			);
			runOnlyForDeploymentPostprocessing = 0;
		};
		ED5E67BB1DB799D200F16C18 /* Sources */ = {
			isa = PBXSourcesBuildPhase;
			buildActionMask = 2147483647;
			files = (
				ED5E67C41DB799D200F16C18 /* mqttConnectionSampleUITests.m in Sources */,
			);
			runOnlyForDeploymentPostprocessing = 0;
		};
/* End PBXSourcesBuildPhase section */

/* Begin PBXTargetDependency section */
		ED5E67B61DB799D200F16C18 /* PBXTargetDependency */ = {
			isa = PBXTargetDependency;
			target = ED5E679A1DB799D200F16C18 /* mqttConnectionSample */;
			targetProxy = ED5E67B51DB799D200F16C18 /* PBXContainerItemProxy */;
		};
		ED5E67C11DB799D200F16C18 /* PBXTargetDependency */ = {
			isa = PBXTargetDependency;
			target = ED5E679A1DB799D200F16C18 /* mqttConnectionSample */;
			targetProxy = ED5E67C01DB799D200F16C18 /* PBXContainerItemProxy */;
		};
/* End PBXTargetDependency section */

/* Begin PBXVariantGroup section */
		ED5E67A71DB799D200F16C18 /* Main.storyboard */ = {
			isa = PBXVariantGroup;
			children = (
				ED5E67A81DB799D200F16C18 /* Base */,
			);
			name = Main.storyboard;
			sourceTree = "<group>";
		};
		ED5E67AC1DB799D200F16C18 /* LaunchScreen.storyboard */ = {
			isa = PBXVariantGroup;
			children = (
				ED5E67AD1DB799D200F16C18 /* Base */,
			);
			name = LaunchScreen.storyboard;
			sourceTree = "<group>";
		};
/* End PBXVariantGroup section */

/* Begin XCBuildConfiguration section */
		ED5E67C61DB799D200F16C18 /* Debug */ = {
			isa = XCBuildConfiguration;
			buildSettings = {
				ALWAYS_SEARCH_USER_PATHS = NO;
				CLANG_ANALYZER_NONNULL = YES;
				CLANG_CXX_LANGUAGE_STANDARD = "gnu++0x";
				CLANG_CXX_LIBRARY = "libc++";
				CLANG_ENABLE_MODULES = YES;
				CLANG_ENABLE_OBJC_ARC = YES;
				CLANG_WARN_BOOL_CONVERSION = YES;
				CLANG_WARN_CONSTANT_CONVERSION = YES;
				CLANG_WARN_DIRECT_OBJC_ISA_USAGE = YES_ERROR;
				CLANG_WARN_EMPTY_BODY = YES;
				CLANG_WARN_ENUM_CONVERSION = YES;
				CLANG_WARN_INT_CONVERSION = YES;
				CLANG_WARN_OBJC_ROOT_CLASS = YES_ERROR;
				CLANG_WARN_UNREACHABLE_CODE = YES;
				CLANG_WARN__DUPLICATE_METHOD_MATCH = YES;
				"CODE_SIGN_IDENTITY[sdk=iphoneos*]" = "iPhone Developer";
				COPY_PHASE_STRIP = NO;
				DEBUG_INFORMATION_FORMAT = dwarf;
				ENABLE_STRICT_OBJC_MSGSEND = YES;
				ENABLE_TESTABILITY = YES;
				GCC_C_LANGUAGE_STANDARD = gnu99;
				GCC_DYNAMIC_NO_PIC = NO;
				GCC_NO_COMMON_BLOCKS = YES;
				GCC_OPTIMIZATION_LEVEL = 0;
				GCC_PREPROCESSOR_DEFINITIONS = (
					"DEBUG=1",
					"$(inherited)",
				);
				GCC_WARN_64_TO_32_BIT_CONVERSION = YES;
				GCC_WARN_ABOUT_RETURN_TYPE = YES_ERROR;
				GCC_WARN_UNDECLARED_SELECTOR = YES;
				GCC_WARN_UNINITIALIZED_AUTOS = YES_AGGRESSIVE;
				GCC_WARN_UNUSED_FUNCTION = YES;
				GCC_WARN_UNUSED_VARIABLE = YES;
				IPHONEOS_DEPLOYMENT_TARGET = 9.3;
				MTL_ENABLE_DEBUG_INFO = YES;
				ONLY_ACTIVE_ARCH = YES;
				SDKROOT = iphoneos;
				TARGETED_DEVICE_FAMILY = "1,2";
			};
			name = Debug;
		};
		ED5E67C71DB799D200F16C18 /* Release */ = {
			isa = XCBuildConfiguration;
			buildSettings = {
				ALWAYS_SEARCH_USER_PATHS = NO;
				CLANG_ANALYZER_NONNULL = YES;
				CLANG_CXX_LANGUAGE_STANDARD = "gnu++0x";
				CLANG_CXX_LIBRARY = "libc++";
				CLANG_ENABLE_MODULES = YES;
				CLANG_ENABLE_OBJC_ARC = YES;
				CLANG_WARN_BOOL_CONVERSION = YES;
				CLANG_WARN_CONSTANT_CONVERSION = YES;
				CLANG_WARN_DIRECT_OBJC_ISA_USAGE = YES_ERROR;
				CLANG_WARN_EMPTY_BODY = YES;
				CLANG_WARN_ENUM_CONVERSION = YES;
				CLANG_WARN_INT_CONVERSION = YES;
				CLANG_WARN_OBJC_ROOT_CLASS = YES_ERROR;
				CLANG_WARN_UNREACHABLE_CODE = YES;
				CLANG_WARN__DUPLICATE_METHOD_MATCH = YES;
				"CODE_SIGN_IDENTITY[sdk=iphoneos*]" = "iPhone Developer";
				COPY_PHASE_STRIP = NO;
				DEBUG_INFORMATION_FORMAT = "dwarf-with-dsym";
				ENABLE_NS_ASSERTIONS = NO;
				ENABLE_STRICT_OBJC_MSGSEND = YES;
				GCC_C_LANGUAGE_STANDARD = gnu99;
				GCC_NO_COMMON_BLOCKS = YES;
				GCC_WARN_64_TO_32_BIT_CONVERSION = YES;
				GCC_WARN_ABOUT_RETURN_TYPE = YES_ERROR;
				GCC_WARN_UNDECLARED_SELECTOR = YES;
				GCC_WARN_UNINITIALIZED_AUTOS = YES_AGGRESSIVE;
				GCC_WARN_UNUSED_FUNCTION = YES;
				GCC_WARN_UNUSED_VARIABLE = YES;
				IPHONEOS_DEPLOYMENT_TARGET = 9.3;
				MTL_ENABLE_DEBUG_INFO = NO;
				SDKROOT = iphoneos;
				TARGETED_DEVICE_FAMILY = "1,2";
				VALIDATE_PRODUCT = YES;
			};
			name = Release;
		};
		ED5E67C91DB799D200F16C18 /* Debug */ = {
			isa = XCBuildConfiguration;
			baseConfigurationReference = 6BAC3BFF06035801EA9BCD3D /* Pods-mqttConnectionSample.debug.xcconfig */;
			buildSettings = {
				ASSETCATALOG_COMPILER_APPICON_NAME = AppIcon;
				INFOPLIST_FILE = mqttConnectionSample/Info.plist;
				LD_RUNPATH_SEARCH_PATHS = "$(inherited) @executable_path/Frameworks";
				PRODUCT_BUNDLE_IDENTIFIER = acid.mqttConnectionSample;
				PRODUCT_NAME = "$(TARGET_NAME)";
			};
			name = Debug;
		};
		ED5E67CA1DB799D200F16C18 /* Release */ = {
			isa = XCBuildConfiguration;
			baseConfigurationReference = CA999BD73C5B528F0C09A1BD /* Pods-mqttConnectionSample.release.xcconfig */;
			buildSettings = {
				ASSETCATALOG_COMPILER_APPICON_NAME = AppIcon;
				INFOPLIST_FILE = mqttConnectionSample/Info.plist;
				LD_RUNPATH_SEARCH_PATHS = "$(inherited) @executable_path/Frameworks";
				PRODUCT_BUNDLE_IDENTIFIER = acid.mqttConnectionSample;
				PRODUCT_NAME = "$(TARGET_NAME)";
			};
			name = Release;
		};
		ED5E67CC1DB799D200F16C18 /* Debug */ = {
			isa = XCBuildConfiguration;
			buildSettings = {
				BUNDLE_LOADER = "$(TEST_HOST)";
				INFOPLIST_FILE = mqttConnectionSampleTests/Info.plist;
				LD_RUNPATH_SEARCH_PATHS = "$(inherited) @executable_path/Frameworks @loader_path/Frameworks";
				PRODUCT_BUNDLE_IDENTIFIER = acid.mqttConnectionSampleTests;
				PRODUCT_NAME = "$(TARGET_NAME)";
				TEST_HOST = "$(BUILT_PRODUCTS_DIR)/mqttConnectionSample.app/mqttConnectionSample";
			};
			name = Debug;
		};
		ED5E67CD1DB799D200F16C18 /* Release */ = {
			isa = XCBuildConfiguration;
			buildSettings = {
				BUNDLE_LOADER = "$(TEST_HOST)";
				INFOPLIST_FILE = mqttConnectionSampleTests/Info.plist;
				LD_RUNPATH_SEARCH_PATHS = "$(inherited) @executable_path/Frameworks @loader_path/Frameworks";
				PRODUCT_BUNDLE_IDENTIFIER = acid.mqttConnectionSampleTests;
				PRODUCT_NAME = "$(TARGET_NAME)";
				TEST_HOST = "$(BUILT_PRODUCTS_DIR)/mqttConnectionSample.app/mqttConnectionSample";
			};
			name = Release;
		};
		ED5E67CF1DB799D200F16C18 /* Debug */ = {
			isa = XCBuildConfiguration;
			buildSettings = {
				INFOPLIST_FILE = mqttConnectionSampleUITests/Info.plist;
				LD_RUNPATH_SEARCH_PATHS = "$(inherited) @executable_path/Frameworks @loader_path/Frameworks";
				PRODUCT_BUNDLE_IDENTIFIER = acid.mqttConnectionSampleUITests;
				PRODUCT_NAME = "$(TARGET_NAME)";
				TEST_TARGET_NAME = mqttConnectionSample;
			};
			name = Debug;
		};
		ED5E67D01DB799D200F16C18 /* Release */ = {
			isa = XCBuildConfiguration;
			buildSettings = {
				INFOPLIST_FILE = mqttConnectionSampleUITests/Info.plist;
				LD_RUNPATH_SEARCH_PATHS = "$(inherited) @executable_path/Frameworks @loader_path/Frameworks";
				PRODUCT_BUNDLE_IDENTIFIER = acid.mqttConnectionSampleUITests;
				PRODUCT_NAME = "$(TARGET_NAME)";
				TEST_TARGET_NAME = mqttConnectionSample;
			};
			name = Release;
		};
/* End XCBuildConfiguration section */

/* Begin XCConfigurationList section */
		ED5E67961DB799D200F16C18 /* Build configuration list for PBXProject "mqttConnectionSample" */ = {
			isa = XCConfigurationList;
			buildConfigurations = (
				ED5E67C61DB799D200F16C18 /* Debug */,
				ED5E67C71DB799D200F16C18 /* Release */,
			);
			defaultConfigurationIsVisible = 0;
			defaultConfigurationName = Release;
		};
		ED5E67C81DB799D200F16C18 /* Build configuration list for PBXNativeTarget "mqttConnectionSample" */ = {
			isa = XCConfigurationList;
			buildConfigurations = (
				ED5E67C91DB799D200F16C18 /* Debug */,
				ED5E67CA1DB799D200F16C18 /* Release */,
			);
			defaultConfigurationIsVisible = 0;
			defaultConfigurationName = Release;
		};
		ED5E67CB1DB799D200F16C18 /* Build configuration list for PBXNativeTarget "mqttConnectionSampleTests" */ = {
			isa = XCConfigurationList;
			buildConfigurations = (
				ED5E67CC1DB799D200F16C18 /* Debug */,
				ED5E67CD1DB799D200F16C18 /* Release */,
			);
			defaultConfigurationIsVisible = 0;
			defaultConfigurationName = Release;
		};
		ED5E67CE1DB799D200F16C18 /* Build configuration list for PBXNativeTarget "mqttConnectionSampleUITests" */ = {
			isa = XCConfigurationList;
			buildConfigurations = (
				ED5E67CF1DB799D200F16C18 /* Debug */,
				ED5E67D01DB799D200F16C18 /* Release */,
			);
			defaultConfigurationIsVisible = 0;
			defaultConfigurationName = Release;
		};
/* End XCConfigurationList section */
	};
	rootObject = ED5E67931DB799D200F16C18 /* Project object */;
}
